
Microsoft Visual Studio Solution File, Format Version 12.00
Project("{2150E333-8FDC-42A3-9474-1A3956D46DE8}") = "_common", "_common", "{972BA41E-013B-48A0-84B7-F09F0137D0A2}"
	ProjectSection(SolutionItems) = preProject
		docker-compose.kafka.yaml = docker-compose.kafka.yaml
		nuget.config = nuget.config
		docker-compose.local.yaml = docker-compose.local.yaml
		Dockerfile = Dockerfile
		.dockerignore = .dockerignore
		Directory.Packages.props = Directory.Packages.props
		Directory.Build.props = Directory.Build.props
	EndProjectSection
EndProject
Project("{2150E333-8FDC-42A3-9474-1A3956D46DE8}") = "src", "src", "{FA2B36CF-0DAF-4721-AD4B-751CD7059802}"
EndProject
Project("{FAE04EC0-301F-11D3-BF4B-00C04F79EFBC}") = "Quizitor.Api", "src\Quizitor.Api\Quizitor.Api.csproj", "{EEF4B0FE-B6A0-4D64-BA93-8B2A1828DCA5}"
EndProject
Project("{FAE04EC0-301F-11D3-BF4B-00C04F79EFBC}") = "Quizitor.Bots", "src\Quizitor.Bots\Quizitor.Bots.csproj", "{5076FD7A-4137-48BE-BCEE-591342FBAB89}"
EndProject
Project("{2150E333-8FDC-42A3-9474-1A3956D46DE8}") = "lib", "lib", "{22BF8D9F-CE86-47D2-B365-6963F9FE8B5E}"
EndProject
Project("{FAE04EC0-301F-11D3-BF4B-00C04F79EFBC}") = "Quizitor.Localization", "lib\Quizitor.Localization\Quizitor.Localization.csproj", "{72327895-AA63-4F6F-BF87-934934684D25}"
EndProject
Project("{FAE04EC0-301F-11D3-BF4B-00C04F79EFBC}") = "Quizitor.Data", "lib\Quizitor.Data\Quizitor.Data.csproj", "{EC479F89-01D0-456F-9BF3-E40E7D13B623}"
EndProject
Project("{FAE04EC0-301F-11D3-BF4B-00C04F79EFBC}") = "Quizitor.Common", "lib\Quizitor.Common\Quizitor.Common.csproj", "{CF9AF0AC-F98A-499B-87B3-E50E20912FE2}"
EndProject
Project("{FAE04EC0-301F-11D3-BF4B-00C04F79EFBC}") = "Quizitor.Migrator", "src\Quizitor.Migrator\Quizitor.Migrator.csproj", "{C8793047-EC74-4A0A-95CD-1BF1327AD154}"
EndProject
Project("{FAE04EC0-301F-11D3-BF4B-00C04F79EFBC}") = "Quizitor.Logging", "lib\Quizitor.Logging\Quizitor.Logging.csproj", "{6FE3A3A7-CC35-4D5F-AF98-3121BE7A125D}"
EndProject
Project("{FAE04EC0-301F-11D3-BF4B-00C04F79EFBC}") = "Quizitor.Sender", "src\Quizitor.Sender\Quizitor.Sender.csproj", "{9F3C5F11-948F-460A-AB4D-2BDC634B0E27}"
EndProject
Project("{FAE04EC0-301F-11D3-BF4B-00C04F79EFBC}") = "Quizitor.Kafka", "lib\Quizitor.Kafka\Quizitor.Kafka.csproj", "{EB1D8702-5926-442E-8ED9-D9449F0A1AC9}"
EndProject
Project("{FAE04EC0-301F-11D3-BF4B-00C04F79EFBC}") = "Quizitor.Events", "src\Quizitor.Events\Quizitor.Events.csproj", "{D86C65F4-6E3A-4E61-996E-94BA82210BFA}"
EndProject
Project("{FAE04EC0-301F-11D3-BF4B-00C04F79EFBC}") = "Quizitor.Redis", "lib\Quizitor.Redis\Quizitor.Redis.csproj", "{8B8165F2-95E7-4239-A369-8F17593C8734}"
EndProject
Project("{2150E333-8FDC-42A3-9474-1A3956D46DE8}") = "tests", "tests", "{6ABD118B-152F-47DC-91DF-934E87595762}"
EndProject
Project("{FAE04EC0-301F-11D3-BF4B-00C04F79EFBC}") = "Quizitor.Common.Tests", "tests\Quizitor.Common.Tests\Quizitor.Common.Tests.csproj", "{8E3A1909-05DF-49A7-998C-23553083740A}"
EndProject
Project("{FAE04EC0-301F-11D3-BF4B-00C04F79EFBC}") = "Quizitor.Tests", "lib\Quizitor.Tests\Quizitor.Tests.csproj", "{9EBFF947-17EF-44A6-A369-D9B5454CDEDC}"
EndProject
Project("{FAE04EC0-301F-11D3-BF4B-00C04F79EFBC}") = "Quizitor.Data.Tests", "tests\Quizitor.Data.Tests\Quizitor.Data.Tests.csproj", "{412C720A-D84C-40FB-B308-5ED00EE13C69}"
EndProject
Project("{FAE04EC0-301F-11D3-BF4B-00C04F79EFBC}") = "Quizitor.Api.Tests", "tests\Quizitor.Api.Tests\Quizitor.Api.Tests.csproj", "{19F9DEA4-AFB9-46DD-AF39-AF82C4B72024}"
EndProject
Global
	GlobalSection(SolutionConfigurationPlatforms) = preSolution
		Debug|Any CPU = Debug|Any CPU
		Release|Any CPU = Release|Any CPU
	EndGlobalSection
	GlobalSection(ProjectConfigurationPlatforms) = postSolution
		{629108B9-C0D4-43AB-B187-88A9DE0F8B7C}.Debug|Any CPU.ActiveCfg = Debug|Any CPU
		{629108B9-C0D4-43AB-B187-88A9DE0F8B7C}.Debug|Any CPU.Build.0 = Debug|Any CPU
		{629108B9-C0D4-43AB-B187-88A9DE0F8B7C}.Release|Any CPU.ActiveCfg = Release|Any CPU
		{629108B9-C0D4-43AB-B187-88A9DE0F8B7C}.Release|Any CPU.Build.0 = Release|Any CPU
		{EEF4B0FE-B6A0-4D64-BA93-8B2A1828DCA5}.Debug|Any CPU.ActiveCfg = Debug|Any CPU
		{EEF4B0FE-B6A0-4D64-BA93-8B2A1828DCA5}.Debug|Any CPU.Build.0 = Debug|Any CPU
		{EEF4B0FE-B6A0-4D64-BA93-8B2A1828DCA5}.Release|Any CPU.ActiveCfg = Release|Any CPU
		{EEF4B0FE-B6A0-4D64-BA93-8B2A1828DCA5}.Release|Any CPU.Build.0 = Release|Any CPU
		{5076FD7A-4137-48BE-BCEE-591342FBAB89}.Debug|Any CPU.ActiveCfg = Debug|Any CPU
		{5076FD7A-4137-48BE-BCEE-591342FBAB89}.Debug|Any CPU.Build.0 = Debug|Any CPU
		{5076FD7A-4137-48BE-BCEE-591342FBAB89}.Release|Any CPU.ActiveCfg = Release|Any CPU
		{5076FD7A-4137-48BE-BCEE-591342FBAB89}.Release|Any CPU.Build.0 = Release|Any CPU
		{72327895-AA63-4F6F-BF87-934934684D25}.Debug|Any CPU.ActiveCfg = Debug|Any CPU
		{72327895-AA63-4F6F-BF87-934934684D25}.Debug|Any CPU.Build.0 = Debug|Any CPU
		{72327895-AA63-4F6F-BF87-934934684D25}.Release|Any CPU.ActiveCfg = Release|Any CPU
		{72327895-AA63-4F6F-BF87-934934684D25}.Release|Any CPU.Build.0 = Release|Any CPU
		{EC479F89-01D0-456F-9BF3-E40E7D13B623}.Debug|Any CPU.ActiveCfg = Debug|Any CPU
		{EC479F89-01D0-456F-9BF3-E40E7D13B623}.Debug|Any CPU.Build.0 = Debug|Any CPU
		{EC479F89-01D0-456F-9BF3-E40E7D13B623}.Release|Any CPU.ActiveCfg = Release|Any CPU
		{EC479F89-01D0-456F-9BF3-E40E7D13B623}.Release|Any CPU.Build.0 = Release|Any CPU
		{CF9AF0AC-F98A-499B-87B3-E50E20912FE2}.Debug|Any CPU.ActiveCfg = Debug|Any CPU
		{CF9AF0AC-F98A-499B-87B3-E50E20912FE2}.Debug|Any CPU.Build.0 = Debug|Any CPU
		{CF9AF0AC-F98A-499B-87B3-E50E20912FE2}.Release|Any CPU.ActiveCfg = Release|Any CPU
		{CF9AF0AC-F98A-499B-87B3-E50E20912FE2}.Release|Any CPU.Build.0 = Release|Any CPU
		{C8793047-EC74-4A0A-95CD-1BF1327AD154}.Debug|Any CPU.ActiveCfg = Debug|Any CPU
		{C8793047-EC74-4A0A-95CD-1BF1327AD154}.Debug|Any CPU.Build.0 = Debug|Any CPU
		{C8793047-EC74-4A0A-95CD-1BF1327AD154}.Release|Any CPU.ActiveCfg = Release|Any CPU
		{C8793047-EC74-4A0A-95CD-1BF1327AD154}.Release|Any CPU.Build.0 = Release|Any CPU
		{6FE3A3A7-CC35-4D5F-AF98-3121BE7A125D}.Debug|Any CPU.ActiveCfg = Debug|Any CPU
		{6FE3A3A7-CC35-4D5F-AF98-3121BE7A125D}.Debug|Any CPU.Build.0 = Debug|Any CPU
		{6FE3A3A7-CC35-4D5F-AF98-3121BE7A125D}.Release|Any CPU.ActiveCfg = Release|Any CPU
		{6FE3A3A7-CC35-4D5F-AF98-3121BE7A125D}.Release|Any CPU.Build.0 = Release|Any CPU
		{9F3C5F11-948F-460A-AB4D-2BDC634B0E27}.Debug|Any CPU.ActiveCfg = Debug|Any CPU
		{9F3C5F11-948F-460A-AB4D-2BDC634B0E27}.Debug|Any CPU.Build.0 = Debug|Any CPU
		{9F3C5F11-948F-460A-AB4D-2BDC634B0E27}.Release|Any CPU.ActiveCfg = Release|Any CPU
		{9F3C5F11-948F-460A-AB4D-2BDC634B0E27}.Release|Any CPU.Build.0 = Release|Any CPU
		{EB1D8702-5926-442E-8ED9-D9449F0A1AC9}.Debug|Any CPU.ActiveCfg = Debug|Any CPU
		{EB1D8702-5926-442E-8ED9-D9449F0A1AC9}.Debug|Any CPU.Build.0 = Debug|Any CPU
		{EB1D8702-5926-442E-8ED9-D9449F0A1AC9}.Release|Any CPU.ActiveCfg = Release|Any CPU
		{EB1D8702-5926-442E-8ED9-D9449F0A1AC9}.Release|Any CPU.Build.0 = Release|Any CPU
		{D86C65F4-6E3A-4E61-996E-94BA82210BFA}.Debug|Any CPU.ActiveCfg = Debug|Any CPU
		{D86C65F4-6E3A-4E61-996E-94BA82210BFA}.Debug|Any CPU.Build.0 = Debug|Any CPU
		{D86C65F4-6E3A-4E61-996E-94BA82210BFA}.Release|Any CPU.ActiveCfg = Release|Any CPU
		{D86C65F4-6E3A-4E61-996E-94BA82210BFA}.Release|Any CPU.Build.0 = Release|Any CPU
		{8B8165F2-95E7-4239-A369-8F17593C8734}.Debug|Any CPU.ActiveCfg = Debug|Any CPU
		{8B8165F2-95E7-4239-A369-8F17593C8734}.Debug|Any CPU.Build.0 = Debug|Any CPU
		{8B8165F2-95E7-4239-A369-8F17593C8734}.Release|Any CPU.ActiveCfg = Release|Any CPU
		{8B8165F2-95E7-4239-A369-8F17593C8734}.Release|Any CPU.Build.0 = Release|Any CPU
		{8E3A1909-05DF-49A7-998C-23553083740A}.Debug|Any CPU.ActiveCfg = Debug|Any CPU
		{8E3A1909-05DF-49A7-998C-23553083740A}.Debug|Any CPU.Build.0 = Debug|Any CPU
		{8E3A1909-05DF-49A7-998C-23553083740A}.Release|Any CPU.ActiveCfg = Release|Any CPU
		{8E3A1909-05DF-49A7-998C-23553083740A}.Release|Any CPU.Build.0 = Release|Any CPU
		{9EBFF947-17EF-44A6-A369-D9B5454CDEDC}.Debug|Any CPU.ActiveCfg = Debug|Any CPU
		{9EBFF947-17EF-44A6-A369-D9B5454CDEDC}.Debug|Any CPU.Build.0 = Debug|Any CPU
		{9EBFF947-17EF-44A6-A369-D9B5454CDEDC}.Release|Any CPU.ActiveCfg = Release|Any CPU
		{9EBFF947-17EF-44A6-A369-D9B5454CDEDC}.Release|Any CPU.Build.0 = Release|Any CPU
		{412C720A-D84C-40FB-B308-5ED00EE13C69}.Debug|Any CPU.ActiveCfg = Debug|Any CPU
		{412C720A-D84C-40FB-B308-5ED00EE13C69}.Debug|Any CPU.Build.0 = Debug|Any CPU
		{412C720A-D84C-40FB-B308-5ED00EE13C69}.Release|Any CPU.ActiveCfg = Release|Any CPU
		{412C720A-D84C-40FB-B308-5ED00EE13C69}.Release|Any CPU.Build.0 = Release|Any CPU
		{19F9DEA4-AFB9-46DD-AF39-AF82C4B72024}.Debug|Any CPU.ActiveCfg = Debug|Any CPU
		{19F9DEA4-AFB9-46DD-AF39-AF82C4B72024}.Debug|Any CPU.Build.0 = Debug|Any CPU
		{19F9DEA4-AFB9-46DD-AF39-AF82C4B72024}.Release|Any CPU.ActiveCfg = Release|Any CPU
		{19F9DEA4-AFB9-46DD-AF39-AF82C4B72024}.Release|Any CPU.Build.0 = Release|Any CPU
	EndGlobalSection
	GlobalSection(NestedProjects) = preSolution
		{EEF4B0FE-B6A0-4D64-BA93-8B2A1828DCA5} = {FA2B36CF-0DAF-4721-AD4B-751CD7059802}
		{5076FD7A-4137-48BE-BCEE-591342FBAB89} = {FA2B36CF-0DAF-4721-AD4B-751CD7059802}
		{72327895-AA63-4F6F-BF87-934934684D25} = {22BF8D9F-CE86-47D2-B365-6963F9FE8B5E}
		{EC479F89-01D0-456F-9BF3-E40E7D13B623} = {22BF8D9F-CE86-47D2-B365-6963F9FE8B5E}
		{CF9AF0AC-F98A-499B-87B3-E50E20912FE2} = {22BF8D9F-CE86-47D2-B365-6963F9FE8B5E}
		{C8793047-EC74-4A0A-95CD-1BF1327AD154} = {FA2B36CF-0DAF-4721-AD4B-751CD7059802}
		{6FE3A3A7-CC35-4D5F-AF98-3121BE7A125D} = {22BF8D9F-CE86-47D2-B365-6963F9FE8B5E}
		{9F3C5F11-948F-460A-AB4D-2BDC634B0E27} = {FA2B36CF-0DAF-4721-AD4B-751CD7059802}
		{EB1D8702-5926-442E-8ED9-D9449F0A1AC9} = {22BF8D9F-CE86-47D2-B365-6963F9FE8B5E}
		{D86C65F4-6E3A-4E61-996E-94BA82210BFA} = {FA2B36CF-0DAF-4721-AD4B-751CD7059802}
		{8B8165F2-95E7-4239-A369-8F17593C8734} = {22BF8D9F-CE86-47D2-B365-6963F9FE8B5E}
		{8E3A1909-05DF-49A7-998C-23553083740A} = {6ABD118B-152F-47DC-91DF-934E87595762}
		{9EBFF947-17EF-44A6-A369-D9B5454CDEDC} = {22BF8D9F-CE86-47D2-B365-6963F9FE8B5E}
		{412C720A-D84C-40FB-B308-5ED00EE13C69} = {6ABD118B-152F-47DC-91DF-934E87595762}
		{19F9DEA4-AFB9-46DD-AF39-AF82C4B72024} = {6ABD118B-152F-47DC-91DF-934E87595762}
	EndGlobalSection
EndGlobal
